
Microsoft Visual Studio Solution File, Format Version 12.00
# Visual Studio Version 17
VisualStudioVersion = 17.1.32407.343
MinimumVisualStudioVersion = 10.0.40219.1
Project("{FAE04EC0-301F-11D3-BF4B-00C04F79EFBC}") = "ToDoList", "ToDoList.csproj", "{7393F3E2-5510-46A9-84E9-8FFBDD3A6533}"
EndProject
Global
	GlobalSection(SolutionConfigurationPlatforms) = preSolution
		Debug|Any CPU = Debug|Any CPU
		Release|Any CPU = Release|Any CPU
	EndGlobalSection
	GlobalSection(ProjectConfigurationPlatforms) = postSolution
		{7393F3E2-5510-46A9-84E9-8FFBDD3A6533}.Debug|Any CPU.ActiveCfg = Debug|Any CPU
		{7393F3E2-5510-46A9-84E9-8FFBDD3A6533}.Debug|Any CPU.Build.0 = Debug|Any CPU
		{7393F3E2-5510-46A9-84E9-8FFBDD3A6533}.Release|Any CPU.ActiveCfg = Release|Any CPU
		{7393F3E2-5510-46A9-84E9-8FFBDD3A6533}.Release|Any CPU.Build.0 = Release|Any CPU
	EndGlobalSection
	GlobalSection(SolutionProperties) = preSolution
		HideSolutionNode = FALSE
	EndGlobalSection
	GlobalSection(ExtensibilityGlobals) = postSolution
		SolutionGuid = {51764727-9F7A-45B5-80A2-19DF53F2CD50}
	EndGlobalSection
EndGlobal
